
Microsoft Visual Studio Solution File, Format Version 12.00
# Visual Studio Version 16
VisualStudioVersion = 16.0.30128.74
MinimumVisualStudioVersion = 10.0.40219.1
Project("{FAE04EC0-301F-11D3-BF4B-00C04F79EFBC}") = "Tavi.StudentDemo.Web", "Tavi.StudentDemo.Web\Tavi.StudentDemo.Web.csproj", "{C3C8A0E5-1CBD-439D-8C9C-9C4E807C9982}"
EndProject
Project("{FAE04EC0-301F-11D3-BF4B-00C04F79EFBC}") = "Tavi.StudentDemo", "Tavi.StudentDemo\Tavi.StudentDemo.csproj", "{ECEE5969-DE43-4A9B-8690-ED86CDB20A71}"
EndProject
Global
	GlobalSection(SolutionConfigurationPlatforms) = preSolution
		Debug|Any CPU = Debug|Any CPU
		Release|Any CPU = Release|Any CPU
	EndGlobalSection
	GlobalSection(ProjectConfigurationPlatforms) = postSolution
		{C3C8A0E5-1CBD-439D-8C9C-9C4E807C9982}.Debug|Any CPU.ActiveCfg = Debug|Any CPU
		{C3C8A0E5-1CBD-439D-8C9C-9C4E807C9982}.Debug|Any CPU.Build.0 = Debug|Any CPU
		{C3C8A0E5-1CBD-439D-8C9C-9C4E807C9982}.Release|Any CPU.ActiveCfg = Release|Any CPU
		{C3C8A0E5-1CBD-439D-8C9C-9C4E807C9982}.Release|Any CPU.Build.0 = Release|Any CPU
		{ECEE5969-DE43-4A9B-8690-ED86CDB20A71}.Debug|Any CPU.ActiveCfg = Debug|Any CPU
		{ECEE5969-DE43-4A9B-8690-ED86CDB20A71}.Debug|Any CPU.Build.0 = Debug|Any CPU
		{ECEE5969-DE43-4A9B-8690-ED86CDB20A71}.Release|Any CPU.ActiveCfg = Release|Any CPU
		{ECEE5969-DE43-4A9B-8690-ED86CDB20A71}.Release|Any CPU.Build.0 = Release|Any CPU
	EndGlobalSection
	GlobalSection(SolutionProperties) = preSolution
		HideSolutionNode = FALSE
	EndGlobalSection
	GlobalSection(ExtensibilityGlobals) = postSolution
		SolutionGuid = {627F0452-A816-4ED2-ABA9-7EB16C3AA86B}
	EndGlobalSection
EndGlobal
